
Microsoft Visual Studio Solution File, Format Version 12.00
# Visual Studio Version 16
VisualStudioVersion = 16.0.32929.386
MinimumVisualStudioVersion = 10.0.40219.1
Project("{FAE04EC0-301F-11D3-BF4B-00C04F79EFBC}") = "WpfApp8", "WpfApp8\WpfApp8.csproj", "{E76B97C7-5B7C-4FE1-895C-A1B5876790D6}"
EndProject
Global
	GlobalSection(SolutionConfigurationPlatforms) = preSolution
		Debug|Any CPU = Debug|Any CPU
		Release|Any CPU = Release|Any CPU
	EndGlobalSection
	GlobalSection(ProjectConfigurationPlatforms) = postSolution
		{E76B97C7-5B7C-4FE1-895C-A1B5876790D6}.Debug|Any CPU.ActiveCfg = Debug|Any CPU
		{E76B97C7-5B7C-4FE1-895C-A1B5876790D6}.Debug|Any CPU.Build.0 = Debug|Any CPU
		{E76B97C7-5B7C-4FE1-895C-A1B5876790D6}.Release|Any CPU.ActiveCfg = Release|Any CPU
		{E76B97C7-5B7C-4FE1-895C-A1B5876790D6}.Release|Any CPU.Build.0 = Release|Any CPU
	EndGlobalSection
	GlobalSection(SolutionProperties) = preSolution
		HideSolutionNode = FALSE
	EndGlobalSection
	GlobalSection(ExtensibilityGlobals) = postSolution
		SolutionGuid = {2B157A39-4FDB-4B47-9E8C-8A8187FB0AB8}
	EndGlobalSection
EndGlobal
